{
  "name": "ajs2",
  "version": "1.0.0",
  "lockfileVersion": 2,
  "requires": true,
  "packages": {
    "": {
      "name": "ajs2",
      "version": "1.0.0",
      "license": "ISC",
      "dependencies": {
        "@anastasi89/ajs": "github:anastasi89/ajs"
      }
    },
    "node_modules/@anastasi89/ajs": {
      "version": "1.0.0",
      "resolved": "git+ssh://git@github.com/anastasi89/ajs.git#f1515a532ba2fe8d10021169d9a63f23c3dda907",
      "license": "ISC"
    }
  },
  "dependencies": {
    "@anastasi89/ajs": {
      "version": "git+ssh://git@github.com/anastasi89/ajs.git#f1515a532ba2fe8d10021169d9a63f23c3dda907",
      "from": "@anastasi89/ajs@anastasi89/ajs"
    }
  }
}
